// !$*UTF8*$!
{
	archiveVersion = 1;
	classes = {
	};
	objectVersion = 46;
	objects = {

/* Begin PBXBuildFile section */
		09FE7A071994C5D20088C881 /* Foundation.framework in Frameworks */ = {isa = PBXBuildFile; fileRef = 09FE7A061994C5D20088C881 /* Foundation.framework */; };
		09FE7A091994C5D20088C881 /* CoreGraphics.framework in Frameworks */ = {isa = PBXBuildFile; fileRef = 09FE7A081994C5D20088C881 /* CoreGraphics.framework */; };
		09FE7A0B1994C5D20088C881 /* UIKit.framework in Frameworks */ = {isa = PBXBuildFile; fileRef = 09FE7A0A1994C5D20088C881 /* UIKit.framework */; };
		09FE7A111994C5D20088C881 /* InfoPlist.strings in Resources */ = {isa = PBXBuildFile; fileRef = 09FE7A0F1994C5D20088C881 /* InfoPlist.strings */; };
		09FE7A131994C5D20088C881 /* main.m in Sources */ = {isa = PBXBuildFile; fileRef = 09FE7A121994C5D20088C881 /* main.m */; };
		09FE7A171994C5D20088C881 /* AppDelegate.m in Sources */ = {isa = PBXBuildFile; fileRef = 09FE7A161994C5D20088C881 /* AppDelegate.m */; };
		09FE7A191994C5D20088C881 /* Images.xcassets in Resources */ = {isa = PBXBuildFile; fileRef = 09FE7A181994C5D20088C881 /* Images.xcassets */; };
		09FE7A201994C5D20088C881 /* XCTest.framework in Frameworks */ = {isa = PBXBuildFile; fileRef = 09FE7A1F1994C5D20088C881 /* XCTest.framework */; };
		09FE7A211994C5D20088C881 /* Foundation.framework in Frameworks */ = {isa = PBXBuildFile; fileRef = 09FE7A061994C5D20088C881 /* Foundation.framework */; };
		09FE7A221994C5D20088C881 /* UIKit.framework in Frameworks */ = {isa = PBXBuildFile; fileRef = 09FE7A0A1994C5D20088C881 /* UIKit.framework */; };
		09FE7A2A1994C5D20088C881 /* InfoPlist.strings in Resources */ = {isa = PBXBuildFile; fileRef = 09FE7A281994C5D20088C881 /* InfoPlist.strings */; };
		09FE7A2C1994C5D20088C881 /* TextViewPlaceHolderDemoTests.m in Sources */ = {isa = PBXBuildFile; fileRef = 09FE7A2B1994C5D20088C881 /* TextViewPlaceHolderDemoTests.m */; };
		09FE7A371994C5F50088C881 /* MainViewController.m in Sources */ = {isa = PBXBuildFile; fileRef = 09FE7A361994C5F50088C881 /* MainViewController.m */; };
		09FE7A3B1994C6520088C881 /* UITextView+PlaceHolder.m in Sources */ = {isa = PBXBuildFile; fileRef = 09FE7A3A1994C6520088C881 /* UITextView+PlaceHolder.m */; };
/* End PBXBuildFile section */

/* Begin PBXContainerItemProxy section */
		09FE7A231994C5D20088C881 /* PBXContainerItemProxy */ = {
			isa = PBXContainerItemProxy;
			containerPortal = 09FE79FB1994C5D20088C881 /* Project object */;
			proxyType = 1;
			remoteGlobalIDString = 09FE7A021994C5D20088C881;
			remoteInfo = TextViewPlaceHolderDemo;
		};
/* End PBXContainerItemProxy section */

/* Begin PBXFileReference section */
		09FE7A031994C5D20088C881 /* TextViewPlaceHolderDemo.app */ = {isa = PBXFileReference; explicitFileType = wrapper.application; includeInIndex = 0; path = TextViewPlaceHolderDemo.app; sourceTree = BUILT_PRODUCTS_DIR; };
		09FE7A061994C5D20088C881 /* Foundation.framework */ = {isa = PBXFileReference; lastKnownFileType = wrapper.framework; name = Foundation.framework; path = System/Library/Frameworks/Foundation.framework; sourceTree = SDKROOT; };
		09FE7A081994C5D20088C881 /* CoreGraphics.framework */ = {isa = PBXFileReference; lastKnownFileType = wrapper.framework; name = CoreGraphics.framework; path = System/Library/Frameworks/CoreGraphics.framework; sourceTree = SDKROOT; };
		09FE7A0A1994C5D20088C881 /* UIKit.framework */ = {isa = PBXFileReference; lastKnownFileType = wrapper.framework; name = UIKit.framework; path = System/Library/Frameworks/UIKit.framework; sourceTree = SDKROOT; };
		09FE7A0E1994C5D20088C881 /* TextViewPlaceHolderDemo-Info.plist */ = {isa = PBXFileReference; lastKnownFileType = text.plist.xml; path = "TextViewPlaceHolderDemo-Info.plist"; sourceTree = "<group>"; };
		09FE7A101994C5D20088C881 /* en */ = {isa = PBXFileReference; lastKnownFileType = text.plist.strings; name = en; path = en.lproj/InfoPlist.strings; sourceTree = "<group>"; };
		09FE7A121994C5D20088C881 /* main.m */ = {isa = PBXFileReference; lastKnownFileType = sourcecode.c.objc; path = main.m; sourceTree = "<group>"; };
		09FE7A141994C5D20088C881 /* TextViewPlaceHolderDemo-Prefix.pch */ = {isa = PBXFileReference; lastKnownFileType = sourcecode.c.h; path = "TextViewPlaceHolderDemo-Prefix.pch"; sourceTree = "<group>"; };
		09FE7A151994C5D20088C881 /* AppDelegate.h */ = {isa = PBXFileReference; lastKnownFileType = sourcecode.c.h; path = AppDelegate.h; sourceTree = "<group>"; };
		09FE7A161994C5D20088C881 /* AppDelegate.m */ = {isa = PBXFileReference; lastKnownFileType = sourcecode.c.objc; path = AppDelegate.m; sourceTree = "<group>"; };
		09FE7A181994C5D20088C881 /* Images.xcassets */ = {isa = PBXFileReference; lastKnownFileType = folder.assetcatalog; path = Images.xcassets; sourceTree = "<group>"; };
		09FE7A1E1994C5D20088C881 /* TextViewPlaceHolderDemoTests.xctest */ = {isa = PBXFileReference; explicitFileType = wrapper.cfbundle; includeInIndex = 0; path = TextViewPlaceHolderDemoTests.xctest; sourceTree = BUILT_PRODUCTS_DIR; };
		09FE7A1F1994C5D20088C881 /* XCTest.framework */ = {isa = PBXFileReference; lastKnownFileType = wrapper.framework; name = XCTest.framework; path = Library/Frameworks/XCTest.framework; sourceTree = DEVELOPER_DIR; };
		09FE7A271994C5D20088C881 /* TextViewPlaceHolderDemoTests-Info.plist */ = {isa = PBXFileReference; lastKnownFileType = text.plist.xml; path = "TextViewPlaceHolderDemoTests-Info.plist"; sourceTree = "<group>"; };
		09FE7A291994C5D20088C881 /* en */ = {isa = PBXFileReference; lastKnownFileType = text.plist.strings; name = en; path = en.lproj/InfoPlist.strings; sourceTree = "<group>"; };
		09FE7A2B1994C5D20088C881 /* TextViewPlaceHolderDemoTests.m */ = {isa = PBXFileReference; lastKnownFileType = sourcecode.c.objc; path = TextViewPlaceHolderDemoTests.m; sourceTree = "<group>"; };
		09FE7A351994C5F50088C881 /* MainViewController.h */ = {isa = PBXFileReference; fileEncoding = 4; lastKnownFileType = sourcecode.c.h; path = MainViewController.h; sourceTree = "<group>"; };
		09FE7A361994C5F50088C881 /* MainViewController.m */ = {isa = PBXFileReference; fileEncoding = 4; lastKnownFileType = sourcecode.c.objc; path = MainViewController.m; sourceTree = "<group>"; };
		09FE7A391994C6520088C881 /* UITextView+PlaceHolder.h */ = {isa = PBXFileReference; fileEncoding = 4; lastKnownFileType = sourcecode.c.h; path = "UITextView+PlaceHolder.h"; sourceTree = "<group>"; };
		09FE7A3A1994C6520088C881 /* UITextView+PlaceHolder.m */ = {isa = PBXFileReference; fileEncoding = 4; lastKnownFileType = sourcecode.c.objc; path = "UITextView+PlaceHolder.m"; sourceTree = "<group>"; };
/* End PBXFileReference section */

/* Begin PBXFrameworksBuildPhase section */
		09FE7A001994C5D20088C881 /* Frameworks */ = {
			isa = PBXFrameworksBuildPhase;
			buildActionMask = 2147483647;
			files = (
				09FE7A091994C5D20088C881 /* CoreGraphics.framework in Frameworks */,
				09FE7A0B1994C5D20088C881 /* UIKit.framework in Frameworks */,
				09FE7A071994C5D20088C881 /* Foundation.framework in Frameworks */,
			);
			runOnlyForDeploymentPostprocessing = 0;
		};
		09FE7A1B1994C5D20088C881 /* Frameworks */ = {
			isa = PBXFrameworksBuildPhase;
			buildActionMask = 2147483647;
			files = (
				09FE7A201994C5D20088C881 /* XCTest.framework in Frameworks */,
				09FE7A221994C5D20088C881 /* UIKit.framework in Frameworks */,
				09FE7A211994C5D20088C881 /* Foundation.framework in Frameworks */,
			);
			runOnlyForDeploymentPostprocessing = 0;
		};
/* End PBXFrameworksBuildPhase section */

/* Begin PBXGroup section */
		09FE79FA1994C5D20088C881 = {
			isa = PBXGroup;
			children = (
				09FE7A0C1994C5D20088C881 /* TextViewPlaceHolderDemo */,
				09FE7A251994C5D20088C881 /* TextViewPlaceHolderDemoTests */,
				09FE7A051994C5D20088C881 /* Frameworks */,
				09FE7A041994C5D20088C881 /* Products */,
			);
			sourceTree = "<group>";
		};
		09FE7A041994C5D20088C881 /* Products */ = {
			isa = PBXGroup;
			children = (
				09FE7A031994C5D20088C881 /* TextViewPlaceHolderDemo.app */,
				09FE7A1E1994C5D20088C881 /* TextViewPlaceHolderDemoTests.xctest */,
			);
			name = Products;
			sourceTree = "<group>";
		};
		09FE7A051994C5D20088C881 /* Frameworks */ = {
			isa = PBXGroup;
			children = (
				09FE7A061994C5D20088C881 /* Foundation.framework */,
				09FE7A081994C5D20088C881 /* CoreGraphics.framework */,
				09FE7A0A1994C5D20088C881 /* UIKit.framework */,
				09FE7A1F1994C5D20088C881 /* XCTest.framework */,
			);
			name = Frameworks;
			sourceTree = "<group>";
		};
		09FE7A0C1994C5D20088C881 /* TextViewPlaceHolderDemo */ = {
			isa = PBXGroup;
			children = (
				09FE7A381994C63A0088C881 /* TextViewPlaceHolder */,
				09FE7A151994C5D20088C881 /* AppDelegate.h */,
				09FE7A161994C5D20088C881 /* AppDelegate.m */,
				09FE7A181994C5D20088C881 /* Images.xcassets */,
				09FE7A0D1994C5D20088C881 /* Supporting Files */,
				09FE7A351994C5F50088C881 /* MainViewController.h */,
				09FE7A361994C5F50088C881 /* MainViewController.m */,
			);
			path = TextViewPlaceHolderDemo;
			sourceTree = "<group>";
		};
		09FE7A0D1994C5D20088C881 /* Supporting Files */ = {
			isa = PBXGroup;
			children = (
				09FE7A0E1994C5D20088C881 /* TextViewPlaceHolderDemo-Info.plist */,
				09FE7A0F1994C5D20088C881 /* InfoPlist.strings */,
				09FE7A121994C5D20088C881 /* main.m */,
				09FE7A141994C5D20088C881 /* TextViewPlaceHolderDemo-Prefix.pch */,
			);
			name = "Supporting Files";
			sourceTree = "<group>";
		};
		09FE7A251994C5D20088C881 /* TextViewPlaceHolderDemoTests */ = {
			isa = PBXGroup;
			children = (
				09FE7A2B1994C5D20088C881 /* TextViewPlaceHolderDemoTests.m */,
				09FE7A261994C5D20088C881 /* Supporting Files */,
			);
			path = TextViewPlaceHolderDemoTests;
			sourceTree = "<group>";
		};
		09FE7A261994C5D20088C881 /* Supporting Files */ = {
			isa = PBXGroup;
			children = (
				09FE7A271994C5D20088C881 /* TextViewPlaceHolderDemoTests-Info.plist */,
				09FE7A281994C5D20088C881 /* InfoPlist.strings */,
			);
			name = "Supporting Files";
			sourceTree = "<group>";
		};
		09FE7A381994C63A0088C881 /* TextViewPlaceHolder */ = {
			isa = PBXGroup;
			children = (
				09FE7A391994C6520088C881 /* UITextView+PlaceHolder.h */,
				09FE7A3A1994C6520088C881 /* UITextView+PlaceHolder.m */,
			);
			path = TextViewPlaceHolder;
			sourceTree = "<group>";
		};
/* End PBXGroup section */

/* Begin PBXNativeTarget section */
		09FE7A021994C5D20088C881 /* TextViewPlaceHolderDemo */ = {
			isa = PBXNativeTarget;
			buildConfigurationList = 09FE7A2F1994C5D20088C881 /* Build configuration list for PBXNativeTarget "TextViewPlaceHolderDemo" */;
			buildPhases = (
				09FE79FF1994C5D20088C881 /* Sources */,
				09FE7A001994C5D20088C881 /* Frameworks */,
				09FE7A011994C5D20088C881 /* Resources */,
			);
			buildRules = (
			);
			dependencies = (
			);
			name = TextViewPlaceHolderDemo;
			productName = TextViewPlaceHolderDemo;
			productReference = 09FE7A031994C5D20088C881 /* TextViewPlaceHolderDemo.app */;
			productType = "com.apple.product-type.application";
		};
		09FE7A1D1994C5D20088C881 /* TextViewPlaceHolderDemoTests */ = {
			isa = PBXNativeTarget;
			buildConfigurationList = 09FE7A321994C5D20088C881 /* Build configuration list for PBXNativeTarget "TextViewPlaceHolderDemoTests" */;
			buildPhases = (
				09FE7A1A1994C5D20088C881 /* Sources */,
				09FE7A1B1994C5D20088C881 /* Frameworks */,
				09FE7A1C1994C5D20088C881 /* Resources */,
			);
			buildRules = (
			);
			dependencies = (
				09FE7A241994C5D20088C881 /* PBXTargetDependency */,
			);
			name = TextViewPlaceHolderDemoTests;
			productName = TextViewPlaceHolderDemoTests;
			productReference = 09FE7A1E1994C5D20088C881 /* TextViewPlaceHolderDemoTests.xctest */;
			productType = "com.apple.product-type.bundle.unit-test";
		};
/* End PBXNativeTarget section */

/* Begin PBXProject section */
		09FE79FB1994C5D20088C881 /* Project object */ = {
			isa = PBXProject;
			attributes = {
				LastUpgradeCheck = 0510;
				ORGANIZATIONNAME = "___FULLUSERNAME___";
				TargetAttributes = {
					09FE7A1D1994C5D20088C881 = {
						TestTargetID = 09FE7A021994C5D20088C881;
					};
				};
			};
			buildConfigurationList = 09FE79FE1994C5D20088C881 /* Build configuration list for PBXProject "TextViewPlaceHolderDemo" */;
			compatibilityVersion = "Xcode 3.2";
			developmentRegion = English;
			hasScannedForEncodings = 0;
			knownRegions = (
				en,
			);
			mainGroup = 09FE79FA1994C5D20088C881;
			productRefGroup = 09FE7A041994C5D20088C881 /* Products */;
			projectDirPath = "";
			projectRoot = "";
			targets = (
				09FE7A021994C5D20088C881 /* TextViewPlaceHolderDemo */,
				09FE7A1D1994C5D20088C881 /* TextViewPlaceHolderDemoTests */,
			);
		};
/* End PBXProject section */

/* Begin PBXResourcesBuildPhase section */
		09FE7A011994C5D20088C881 /* Resources */ = {
			isa = PBXResourcesBuildPhase;
			buildActionMask = 2147483647;
			files = (
				09FE7A111994C5D20088C881 /* InfoPlist.strings in Resources */,
				09FE7A191994C5D20088C881 /* Images.xcassets in Resources */,
			);
			runOnlyForDeploymentPostprocessing = 0;
		};
		09FE7A1C1994C5D20088C881 /* Resources */ = {
			isa = PBXResourcesBuildPhase;
			buildActionMask = 2147483647;
			files = (
				09FE7A2A1994C5D20088C881 /* InfoPlist.strings in Resources */,
			);
			runOnlyForDeploymentPostprocessing = 0;
		};
/* End PBXResourcesBuildPhase section */

/* Begin PBXSourcesBuildPhase section */
		09FE79FF1994C5D20088C881 /* Sources */ = {
			isa = PBXSourcesBuildPhase;
			buildActionMask = 2147483647;
			files = (
				09FE7A171994C5D20088C881 /* AppDelegate.m in Sources */,
				09FE7A371994C5F50088C881 /* MainViewController.m in Sources */,
				09FE7A131994C5D20088C881 /* main.m in Sources */,
				09FE7A3B1994C6520088C881 /* UITextView+PlaceHolder.m in Sources */,
			);
			runOnlyForDeploymentPostprocessing = 0;
		};
		09FE7A1A1994C5D20088C881 /* Sources */ = {
			isa = PBXSourcesBuildPhase;
			buildActionMask = 2147483647;
			files = (
				09FE7A2C1994C5D20088C881 /* TextViewPlaceHolderDemoTests.m in Sources */,
			);
			runOnlyForDeploymentPostprocessing = 0;
		};
/* End PBXSourcesBuildPhase section */

/* Begin PBXTargetDependency section */
		09FE7A241994C5D20088C881 /* PBXTargetDependency */ = {
			isa = PBXTargetDependency;
			target = 09FE7A021994C5D20088C881 /* TextViewPlaceHolderDemo */;
			targetProxy = 09FE7A231994C5D20088C881 /* PBXContainerItemProxy */;
		};
/* End PBXTargetDependency section */

/* Begin PBXVariantGroup section */
		09FE7A0F1994C5D20088C881 /* InfoPlist.strings */ = {
			isa = PBXVariantGroup;
			children = (
				09FE7A101994C5D20088C881 /* en */,
			);
			name = InfoPlist.strings;
			sourceTree = "<group>";
		};
		09FE7A281994C5D20088C881 /* InfoPlist.strings */ = {
			isa = PBXVariantGroup;
			children = (
				09FE7A291994C5D20088C881 /* en */,
			);
			name = InfoPlist.strings;
			sourceTree = "<group>";
		};
/* End PBXVariantGroup section */

/* Begin XCBuildConfiguration section */
		09FE7A2D1994C5D20088C881 /* Debug */ = {
			isa = XCBuildConfiguration;
			buildSettings = {
				ALWAYS_SEARCH_USER_PATHS = NO;
				CLANG_CXX_LANGUAGE_STANDARD = "gnu++0x";
				CLANG_CXX_LIBRARY = "libc++";
				CLANG_ENABLE_MODULES = YES;
				CLANG_ENABLE_OBJC_ARC = YES;
				CLANG_WARN_BOOL_CONVERSION = YES;
				CLANG_WARN_CONSTANT_CONVERSION = YES;
				CLANG_WARN_DIRECT_OBJC_ISA_USAGE = YES_ERROR;
				CLANG_WARN_EMPTY_BODY = YES;
				CLANG_WARN_ENUM_CONVERSION = YES;
				CLANG_WARN_INT_CONVERSION = YES;
				CLANG_WARN_OBJC_ROOT_CLASS = YES_ERROR;
				CLANG_WARN__DUPLICATE_METHOD_MATCH = YES;
				"CODE_SIGN_IDENTITY[sdk=iphoneos*]" = "iPhone Developer";
				COPY_PHASE_STRIP = NO;
				GCC_C_LANGUAGE_STANDARD = gnu99;
				GCC_DYNAMIC_NO_PIC = NO;
				GCC_OPTIMIZATION_LEVEL = 0;
				GCC_PREPROCESSOR_DEFINITIONS = (
					"DEBUG=1",
					"$(inherited)",
				);
				GCC_SYMBOLS_PRIVATE_EXTERN = NO;
				GCC_WARN_64_TO_32_BIT_CONVERSION = YES;
				GCC_WARN_ABOUT_RETURN_TYPE = YES_ERROR;
				GCC_WARN_UNDECLARED_SELECTOR = YES;
				GCC_WARN_UNINITIALIZED_AUTOS = YES_AGGRESSIVE;
				GCC_WARN_UNUSED_FUNCTION = YES;
				GCC_WARN_UNUSED_VARIABLE = YES;
				IPHONEOS_DEPLOYMENT_TARGET = 7.1;
				ONLY_ACTIVE_ARCH = YES;
				SDKROOT = iphoneos;
			};
			name = Debug;
		};
		09FE7A2E1994C5D20088C881 /* Release */ = {
			isa = XCBuildConfiguration;
			buildSettings = {
				ALWAYS_SEARCH_USER_PATHS = NO;
				CLANG_CXX_LANGUAGE_STANDARD = "gnu++0x";
				CLANG_CXX_LIBRARY = "libc++";
				CLANG_ENABLE_MODULES = YES;
				CLANG_ENABLE_OBJC_ARC = YES;
				CLANG_WARN_BOOL_CONVERSION = YES;
				CLANG_WARN_CONSTANT_CONVERSION = YES;
				CLANG_WARN_DIRECT_OBJC_ISA_USAGE = YES_ERROR;
				CLANG_WARN_EMPTY_BODY = YES;
				CLANG_WARN_ENUM_CONVERSION = YES;
				CLANG_WARN_INT_CONVERSION = YES;
				CLANG_WARN_OBJC_ROOT_CLASS = YES_ERROR;
				CLANG_WARN__DUPLICATE_METHOD_MATCH = YES;
				"CODE_SIGN_IDENTITY[sdk=iphoneos*]" = "iPhone Developer";
				COPY_PHASE_STRIP = YES;
				ENABLE_NS_ASSERTIONS = NO;
				GCC_C_LANGUAGE_STANDARD = gnu99;
				GCC_WARN_64_TO_32_BIT_CONVERSION = YES;
				GCC_WARN_ABOUT_RETURN_TYPE = YES_ERROR;
				GCC_WARN_UNDECLARED_SELECTOR = YES;
				GCC_WARN_UNINITIALIZED_AUTOS = YES_AGGRESSIVE;
				GCC_WARN_UNUSED_FUNCTION = YES;
				GCC_WARN_UNUSED_VARIABLE = YES;
				IPHONEOS_DEPLOYMENT_TARGET = 7.1;
				SDKROOT = iphoneos;
				VALIDATE_PRODUCT = YES;
			};
			name = Release;
		};
		09FE7A301994C5D20088C881 /* Debug */ = {
			isa = XCBuildConfiguration;
			buildSettings = {
				ASSETCATALOG_COMPILER_APPICON_NAME = AppIcon;
				ASSETCATALOG_COMPILER_LAUNCHIMAGE_NAME = LaunchImage;
				GCC_PRECOMPILE_PREFIX_HEADER = YES;
				GCC_PREFIX_HEADER = "TextViewPlaceHolderDemo/TextViewPlaceHolderDemo-Prefix.pch";
				INFOPLIST_FILE = "TextViewPlaceHolderDemo/TextViewPlaceHolderDemo-Info.plist";
				PRODUCT_NAME = "$(TARGET_NAME)";
				WRAPPER_EXTENSION = app;
			};
			name = Debug;
		};
		09FE7A311994C5D20088C881 /* Release */ = {
			isa = XCBuildConfiguration;
			buildSettings = {
				ASSETCATALOG_COMPILER_APPICON_NAME = AppIcon;
				ASSETCATALOG_COMPILER_LAUNCHIMAGE_NAME = LaunchImage;
				GCC_PRECOMPILE_PREFIX_HEADER = YES;
				GCC_PREFIX_HEADER = "TextViewPlaceHolderDemo/TextViewPlaceHolderDemo-Prefix.pch";
				INFOPLIST_FILE = "TextViewPlaceHolderDemo/TextViewPlaceHolderDemo-Info.plist";
				PRODUCT_NAME = "$(TARGET_NAME)";
				WRAPPER_EXTENSION = app;
			};
			name = Release;
		};
		09FE7A331994C5D20088C881 /* Debug */ = {
			isa = XCBuildConfiguration;
			buildSettings = {
				BUNDLE_LOADER = "$(BUILT_PRODUCTS_DIR)/TextViewPlaceHolderDemo.app/TextViewPlaceHolderDemo";
				FRAMEWORK_SEARCH_PATHS = (
					"$(SDKROOT)/Developer/Library/Frameworks",
					"$(inherited)",
					"$(DEVELOPER_FRAMEWORKS_DIR)",
				);
				GCC_PRECOMPILE_PREFIX_HEADER = YES;
				GCC_PREFIX_HEADER = "TextViewPlaceHolderDemo/TextViewPlaceHolderDemo-Prefix.pch";
				GCC_PREPROCESSOR_DEFINITIONS = (
					"DEBUG=1",
					"$(inherited)",
				);
				INFOPLIST_FILE = "TextViewPlaceHolderDemoTests/TextViewPlaceHolderDemoTests-Info.plist";
				PRODUCT_NAME = "$(TARGET_NAME)";
				TEST_HOST = "$(BUNDLE_LOADER)";
				WRAPPER_EXTENSION = xctest;
			};
			name = Debug;
		};
		09FE7A341994C5D20088C881 /* Release */ = {
			isa = XCBuildConfiguration;
			buildSettings = {
				BUNDLE_LOADER = "$(BUILT_PRODUCTS_DIR)/TextViewPlaceHolderDemo.app/TextViewPlaceHolderDemo";
				FRAMEWORK_SEARCH_PATHS = (
					"$(SDKROOT)/Developer/Library/Frameworks",
					"$(inherited)",
					"$(DEVELOPER_FRAMEWORKS_DIR)",
				);
				GCC_PRECOMPILE_PREFIX_HEADER = YES;
				GCC_PREFIX_HEADER = "TextViewPlaceHolderDemo/TextViewPlaceHolderDemo-Prefix.pch";
				INFOPLIST_FILE = "TextViewPlaceHolderDemoTests/TextViewPlaceHolderDemoTests-Info.plist";
				PRODUCT_NAME = "$(TARGET_NAME)";
				TEST_HOST = "$(BUNDLE_LOADER)";
				WRAPPER_EXTENSION = xctest;
			};
			name = Release;
		};
/* End XCBuildConfiguration section */

/* Begin XCConfigurationList section */
		09FE79FE1994C5D20088C881 /* Build configuration list for PBXProject "TextViewPlaceHolderDemo" */ = {
			isa = XCConfigurationList;
			buildConfigurations = (
				09FE7A2D1994C5D20088C881 /* Debug */,
				09FE7A2E1994C5D20088C881 /* Release */,
			);
			defaultConfigurationIsVisible = 0;
			defaultConfigurationName = Release;
		};
		09FE7A2F1994C5D20088C881 /* Build configuration list for PBXNativeTarget "TextViewPlaceHolderDemo" */ = {
			isa = XCConfigurationList;
			buildConfigurations = (
				09FE7A301994C5D20088C881 /* Debug */,
				09FE7A311994C5D20088C881 /* Release */,
			);
			defaultConfigurationIsVisible = 0;
		};
		09FE7A321994C5D20088C881 /* Build configuration list for PBXNativeTarget "TextViewPlaceHolderDemoTests" */ = {
			isa = XCConfigurationList;
			buildConfigurations = (
				09FE7A331994C5D20088C881 /* Debug */,
				09FE7A341994C5D20088C881 /* Release */,
			);
			defaultConfigurationIsVisible = 0;
		};
/* End XCConfigurationList section */
	};
	rootObject = 09FE79FB1994C5D20088C881 /* Project object */;
}
